
Microsoft Visual Studio Solution File, Format Version 12.00
# Visual Studio Version 16
VisualStudioVersion = 16.0.30523.141
MinimumVisualStudioVersion = 10.0.40219.1
Project("{FAE04EC0-301F-11D3-BF4B-00C04F79EFBC}") = "eTicaret", "eTicaret\eTicaret.csproj", "{3C870CB9-CD35-4C89-A21C-678E031891B3}"
EndProject
Global
	GlobalSection(SolutionConfigurationPlatforms) = preSolution
		Debug|Any CPU = Debug|Any CPU
		Release|Any CPU = Release|Any CPU
	EndGlobalSection
	GlobalSection(ProjectConfigurationPlatforms) = postSolution
		{3C870CB9-CD35-4C89-A21C-678E031891B3}.Debug|Any CPU.ActiveCfg = Debug|Any CPU
		{3C870CB9-CD35-4C89-A21C-678E031891B3}.Debug|Any CPU.Build.0 = Debug|Any CPU
		{3C870CB9-CD35-4C89-A21C-678E031891B3}.Release|Any CPU.ActiveCfg = Release|Any CPU
		{3C870CB9-CD35-4C89-A21C-678E031891B3}.Release|Any CPU.Build.0 = Release|Any CPU
	EndGlobalSection
	GlobalSection(SolutionProperties) = preSolution
		HideSolutionNode = FALSE
	EndGlobalSection
	GlobalSection(ExtensibilityGlobals) = postSolution
		SolutionGuid = {7CE2F137-641A-4B91-971F-479B38D8C480}
	EndGlobalSection
EndGlobal
